// !$*UTF8*$!
{
	archiveVersion = 1;
	classes = {
	};
	objectVersion = 56;
	objects = {

/* Begin PBXBuildFile section */
		64ABCF8E2CAF747200F1E808 /* AppleFoundationResourcesApp.swift in Sources */ = {isa = PBXBuildFile; fileRef = 64ABCF8D2CAF747200F1E808 /* AppleFoundationResourcesApp.swift */; };
		64ABCF902CAF747200F1E808 /* ContentView.swift in Sources */ = {isa = PBXBuildFile; fileRef = 64ABCF8F2CAF747200F1E808 /* ContentView.swift */; };
		64ABCF922CAF747400F1E808 /* Assets.xcassets in Resources */ = {isa = PBXBuildFile; fileRef = 64ABCF912CAF747400F1E808 /* Assets.xcassets */; };
		64ABCF952CAF747400F1E808 /* Preview Assets.xcassets in Resources */ = {isa = PBXBuildFile; fileRef = 64ABCF942CAF747400F1E808 /* Preview Assets.xcassets */; };
		64ABCFA12CAF74C900F1E808 /* KnowledgeView.swift in Sources */ = {isa = PBXBuildFile; fileRef = 64ABCFA02CAF74C900F1E808 /* KnowledgeView.swift */; };
		64ABCFA32CAF750100F1E808 /* KnowledgeViewModel.swift in Sources */ = {isa = PBXBuildFile; fileRef = 64ABCFA22CAF750100F1E808 /* KnowledgeViewModel.swift */; };
		64ABCFA52CAF751800F1E808 /* KnowledgeModel.swift in Sources */ = {isa = PBXBuildFile; fileRef = 64ABCFA42CAF751800F1E808 /* KnowledgeModel.swift */; };
		64ABCFA82CAF7AED00F1E808 /* KnowledgeCard.swift in Sources */ = {isa = PBXBuildFile; fileRef = 64ABCFA72CAF7AED00F1E808 /* KnowledgeCard.swift */; };
		64ABCFAA2CAF7F4200F1E808 /* KnowledgeCardDetailList.swift in Sources */ = {isa = PBXBuildFile; fileRef = 64ABCFA92CAF7F4200F1E808 /* KnowledgeCardDetailList.swift */; };
		64ABCFAC2CAF905A00F1E808 /* KnowledgeCardPlainList.swift in Sources */ = {isa = PBXBuildFile; fileRef = 64ABCFAB2CAF905A00F1E808 /* KnowledgeCardPlainList.swift */; };
		64ABCFAE2CAF991800F1E808 /* WebView.swift in Sources */ = {isa = PBXBuildFile; fileRef = 64ABCFAD2CAF991800F1E808 /* WebView.swift */; };
		64ABCFB52CAFB49000F1E808 /* AccessCredentialsView.swift in Sources */ = {isa = PBXBuildFile; fileRef = 64ABCFB42CAFB49000F1E808 /* AccessCredentialsView.swift */; };
		64ABCFB72CAFB4DB00F1E808 /* SettingsView.swift in Sources */ = {isa = PBXBuildFile; fileRef = 64ABCFB62CAFB4DB00F1E808 /* SettingsView.swift */; };
		64ABCFB92CAFB50C00F1E808 /* AboutView.swift in Sources */ = {isa = PBXBuildFile; fileRef = 64ABCFB82CAFB50C00F1E808 /* AboutView.swift */; };
		64ABCFBB2CAFB54700F1E808 /* SavedKnowledgeView.swift in Sources */ = {isa = PBXBuildFile; fileRef = 64ABCFBA2CAFB54700F1E808 /* SavedKnowledgeView.swift */; };
		64ABCFBF2CAFBA2C00F1E808 /* CategoryKnowledgeView.swift in Sources */ = {isa = PBXBuildFile; fileRef = 64ABCFBE2CAFBA2C00F1E808 /* CategoryKnowledgeView.swift */; };
/* End PBXBuildFile section */

/* Begin PBXFileReference section */
		64ABCF8A2CAF747200F1E808 /* AppleFoundationResources.app */ = {isa = PBXFileReference; explicitFileType = wrapper.application; includeInIndex = 0; path = AppleFoundationResources.app; sourceTree = BUILT_PRODUCTS_DIR; };
		64ABCF8D2CAF747200F1E808 /* AppleFoundationResourcesApp.swift */ = {isa = PBXFileReference; lastKnownFileType = sourcecode.swift; path = AppleFoundationResourcesApp.swift; sourceTree = "<group>"; };
		64ABCF8F2CAF747200F1E808 /* ContentView.swift */ = {isa = PBXFileReference; lastKnownFileType = sourcecode.swift; path = ContentView.swift; sourceTree = "<group>"; };
		64ABCF912CAF747400F1E808 /* Assets.xcassets */ = {isa = PBXFileReference; lastKnownFileType = folder.assetcatalog; path = Assets.xcassets; sourceTree = "<group>"; };
		64ABCF942CAF747400F1E808 /* Preview Assets.xcassets */ = {isa = PBXFileReference; lastKnownFileType = folder.assetcatalog; path = "Preview Assets.xcassets"; sourceTree = "<group>"; };
		64ABCFA02CAF74C900F1E808 /* KnowledgeView.swift */ = {isa = PBXFileReference; lastKnownFileType = sourcecode.swift; path = KnowledgeView.swift; sourceTree = "<group>"; };
		64ABCFA22CAF750100F1E808 /* KnowledgeViewModel.swift */ = {isa = PBXFileReference; lastKnownFileType = sourcecode.swift; path = KnowledgeViewModel.swift; sourceTree = "<group>"; };
		64ABCFA42CAF751800F1E808 /* KnowledgeModel.swift */ = {isa = PBXFileReference; lastKnownFileType = sourcecode.swift; path = KnowledgeModel.swift; sourceTree = "<group>"; };
		64ABCFA72CAF7AED00F1E808 /* KnowledgeCard.swift */ = {isa = PBXFileReference; lastKnownFileType = sourcecode.swift; path = KnowledgeCard.swift; sourceTree = "<group>"; };
		64ABCFA92CAF7F4200F1E808 /* KnowledgeCardDetailList.swift */ = {isa = PBXFileReference; lastKnownFileType = sourcecode.swift; path = KnowledgeCardDetailList.swift; sourceTree = "<group>"; };
		64ABCFAB2CAF905A00F1E808 /* KnowledgeCardPlainList.swift */ = {isa = PBXFileReference; lastKnownFileType = sourcecode.swift; path = KnowledgeCardPlainList.swift; sourceTree = "<group>"; };
		64ABCFAD2CAF991800F1E808 /* WebView.swift */ = {isa = PBXFileReference; lastKnownFileType = sourcecode.swift; path = WebView.swift; sourceTree = "<group>"; };
		64ABCFB42CAFB49000F1E808 /* AccessCredentialsView.swift */ = {isa = PBXFileReference; lastKnownFileType = sourcecode.swift; path = AccessCredentialsView.swift; sourceTree = "<group>"; };
		64ABCFB62CAFB4DB00F1E808 /* SettingsView.swift */ = {isa = PBXFileReference; lastKnownFileType = sourcecode.swift; path = SettingsView.swift; sourceTree = "<group>"; };
		64ABCFB82CAFB50C00F1E808 /* AboutView.swift */ = {isa = PBXFileReference; lastKnownFileType = sourcecode.swift; path = AboutView.swift; sourceTree = "<group>"; };
		64ABCFBA2CAFB54700F1E808 /* SavedKnowledgeView.swift */ = {isa = PBXFileReference; lastKnownFileType = sourcecode.swift; path = SavedKnowledgeView.swift; sourceTree = "<group>"; };
		64ABCFBE2CAFBA2C00F1E808 /* CategoryKnowledgeView.swift */ = {isa = PBXFileReference; lastKnownFileType = sourcecode.swift; path = CategoryKnowledgeView.swift; sourceTree = "<group>"; };
/* End PBXFileReference section */

/* Begin PBXFrameworksBuildPhase section */
		64ABCF872CAF747200F1E808 /* Frameworks */ = {
			isa = PBXFrameworksBuildPhase;
			buildActionMask = 2147483647;
			files = (
			);
			runOnlyForDeploymentPostprocessing = 0;
		};
/* End PBXFrameworksBuildPhase section */

/* Begin PBXGroup section */
		64ABCF812CAF747200F1E808 = {
			isa = PBXGroup;
			children = (
				64ABCF8C2CAF747200F1E808 /* AppleFoundationResources */,
				64ABCF8B2CAF747200F1E808 /* Products */,
			);
			sourceTree = "<group>";
		};
		64ABCF8B2CAF747200F1E808 /* Products */ = {
			isa = PBXGroup;
			children = (
				64ABCF8A2CAF747200F1E808 /* AppleFoundationResources.app */,
			);
			name = Products;
			sourceTree = "<group>";
		};
		64ABCF8C2CAF747200F1E808 /* AppleFoundationResources */ = {
			isa = PBXGroup;
			children = (
				64ABCF9F2CAF74A900F1E808 /* View */,
				64ABCF9E2CAF749D00F1E808 /* Model */,
				64ABCF8D2CAF747200F1E808 /* AppleFoundationResourcesApp.swift */,
				64ABCF8F2CAF747200F1E808 /* ContentView.swift */,
				64ABCF9B2CAF747F00F1E808 /* ViewModel */,
				64ABCF912CAF747400F1E808 /* Assets.xcassets */,
				64ABCF932CAF747400F1E808 /* Preview Content */,
			);
			path = AppleFoundationResources;
			sourceTree = "<group>";
		};
		64ABCF932CAF747400F1E808 /* Preview Content */ = {
			isa = PBXGroup;
			children = (
				64ABCF942CAF747400F1E808 /* Preview Assets.xcassets */,
			);
			path = "Preview Content";
			sourceTree = "<group>";
		};
		64ABCF9B2CAF747F00F1E808 /* ViewModel */ = {
			isa = PBXGroup;
			children = (
				64ABCFA22CAF750100F1E808 /* KnowledgeViewModel.swift */,
			);
			path = ViewModel;
			sourceTree = "<group>";
		};
		64ABCF9E2CAF749D00F1E808 /* Model */ = {
			isa = PBXGroup;
			children = (
				64ABCFA42CAF751800F1E808 /* KnowledgeModel.swift */,
			);
			path = Model;
			sourceTree = "<group>";
		};
		64ABCF9F2CAF74A900F1E808 /* View */ = {
			isa = PBXGroup;
			children = (
				64ABCFA02CAF74C900F1E808 /* KnowledgeView.swift */,
				64ABCFB32CAFB47C00F1E808 /* Pages */,
				64ABCFA62CAF7ACE00F1E808 /* Components */,
			);
			path = View;
			sourceTree = "<group>";
		};
		64ABCFA62CAF7ACE00F1E808 /* Components */ = {
			isa = PBXGroup;
			children = (
				64ABCFA72CAF7AED00F1E808 /* KnowledgeCard.swift */,
				64ABCFA92CAF7F4200F1E808 /* KnowledgeCardDetailList.swift */,
				64ABCFAB2CAF905A00F1E808 /* KnowledgeCardPlainList.swift */,
				64ABCFAD2CAF991800F1E808 /* WebView.swift */,
			);
			path = Components;
			sourceTree = "<group>";
		};
		64ABCFB32CAFB47C00F1E808 /* Pages */ = {
			isa = PBXGroup;
			children = (
				64ABCFB42CAFB49000F1E808 /* AccessCredentialsView.swift */,
				64ABCFB62CAFB4DB00F1E808 /* SettingsView.swift */,
				64ABCFB82CAFB50C00F1E808 /* AboutView.swift */,
				64ABCFBA2CAFB54700F1E808 /* SavedKnowledgeView.swift */,
				64ABCFBE2CAFBA2C00F1E808 /* CategoryKnowledgeView.swift */,
			);
			path = Pages;
			sourceTree = "<group>";
		};
/* End PBXGroup section */

/* Begin PBXNativeTarget section */
		64ABCF892CAF747200F1E808 /* AppleFoundationResources */ = {
			isa = PBXNativeTarget;
			buildConfigurationList = 64ABCF982CAF747400F1E808 /* Build configuration list for PBXNativeTarget "AppleFoundationResources" */;
			buildPhases = (
				64ABCF862CAF747200F1E808 /* Sources */,
				64ABCF872CAF747200F1E808 /* Frameworks */,
				64ABCF882CAF747200F1E808 /* Resources */,
			);
			buildRules = (
			);
			dependencies = (
			);
			name = AppleFoundationResources;
			productName = AppleFoundationResources;
			productReference = 64ABCF8A2CAF747200F1E808 /* AppleFoundationResources.app */;
			productType = "com.apple.product-type.application";
		};
/* End PBXNativeTarget section */

/* Begin PBXProject section */
		64ABCF822CAF747200F1E808 /* Project object */ = {
			isa = PBXProject;
			attributes = {
				BuildIndependentTargetsInParallel = 1;
				LastSwiftUpdateCheck = 1430;
				LastUpgradeCheck = 1430;
				TargetAttributes = {
					64ABCF892CAF747200F1E808 = {
						CreatedOnToolsVersion = 14.3.1;
					};
				};
			};
			buildConfigurationList = 64ABCF852CAF747200F1E808 /* Build configuration list for PBXProject "AppleFoundationResources" */;
			compatibilityVersion = "Xcode 14.0";
			developmentRegion = en;
			hasScannedForEncodings = 0;
			knownRegions = (
				en,
				Base,
			);
			mainGroup = 64ABCF812CAF747200F1E808;
			productRefGroup = 64ABCF8B2CAF747200F1E808 /* Products */;
			projectDirPath = "";
			projectRoot = "";
			targets = (
				64ABCF892CAF747200F1E808 /* AppleFoundationResources */,
			);
		};
/* End PBXProject section */

/* Begin PBXResourcesBuildPhase section */
		64ABCF882CAF747200F1E808 /* Resources */ = {
			isa = PBXResourcesBuildPhase;
			buildActionMask = 2147483647;
			files = (
				64ABCF952CAF747400F1E808 /* Preview Assets.xcassets in Resources */,
				64ABCF922CAF747400F1E808 /* Assets.xcassets in Resources */,
			);
			runOnlyForDeploymentPostprocessing = 0;
		};
/* End PBXResourcesBuildPhase section */

/* Begin PBXSourcesBuildPhase section */
		64ABCF862CAF747200F1E808 /* Sources */ = {
			isa = PBXSourcesBuildPhase;
			buildActionMask = 2147483647;
			files = (
				64ABCF902CAF747200F1E808 /* ContentView.swift in Sources */,
				64ABCFAC2CAF905A00F1E808 /* KnowledgeCardPlainList.swift in Sources */,
				64ABCF8E2CAF747200F1E808 /* AppleFoundationResourcesApp.swift in Sources */,
				64ABCFB52CAFB49000F1E808 /* AccessCredentialsView.swift in Sources */,
				64ABCFB92CAFB50C00F1E808 /* AboutView.swift in Sources */,
				64ABCFA82CAF7AED00F1E808 /* KnowledgeCard.swift in Sources */,
				64ABCFAA2CAF7F4200F1E808 /* KnowledgeCardDetailList.swift in Sources */,
				64ABCFA12CAF74C900F1E808 /* KnowledgeView.swift in Sources */,
				64ABCFAE2CAF991800F1E808 /* WebView.swift in Sources */,
				64ABCFA52CAF751800F1E808 /* KnowledgeModel.swift in Sources */,
				64ABCFBB2CAFB54700F1E808 /* SavedKnowledgeView.swift in Sources */,
				64ABCFBF2CAFBA2C00F1E808 /* CategoryKnowledgeView.swift in Sources */,
				64ABCFA32CAF750100F1E808 /* KnowledgeViewModel.swift in Sources */,
				64ABCFB72CAFB4DB00F1E808 /* SettingsView.swift in Sources */,
			);
			runOnlyForDeploymentPostprocessing = 0;
		};
/* End PBXSourcesBuildPhase section */

/* Begin XCBuildConfiguration section */
		64ABCF962CAF747400F1E808 /* Debug */ = {
			isa = XCBuildConfiguration;
			buildSettings = {
				ALWAYS_SEARCH_USER_PATHS = NO;
				CLANG_ANALYZER_NONNULL = YES;
				CLANG_ANALYZER_NUMBER_OBJECT_CONVERSION = YES_AGGRESSIVE;
				CLANG_CXX_LANGUAGE_STANDARD = "gnu++20";
				CLANG_ENABLE_MODULES = YES;
				CLANG_ENABLE_OBJC_ARC = YES;
				CLANG_ENABLE_OBJC_WEAK = YES;
				CLANG_WARN_BLOCK_CAPTURE_AUTORELEASING = YES;
				CLANG_WARN_BOOL_CONVERSION = YES;
				CLANG_WARN_COMMA = YES;
				CLANG_WARN_CONSTANT_CONVERSION = YES;
				CLANG_WARN_DEPRECATED_OBJC_IMPLEMENTATIONS = YES;
				CLANG_WARN_DIRECT_OBJC_ISA_USAGE = YES_ERROR;
				CLANG_WARN_DOCUMENTATION_COMMENTS = YES;
				CLANG_WARN_EMPTY_BODY = YES;
				CLANG_WARN_ENUM_CONVERSION = YES;
				CLANG_WARN_INFINITE_RECURSION = YES;
				CLANG_WARN_INT_CONVERSION = YES;
				CLANG_WARN_NON_LITERAL_NULL_CONVERSION = YES;
				CLANG_WARN_OBJC_IMPLICIT_RETAIN_SELF = YES;
				CLANG_WARN_OBJC_LITERAL_CONVERSION = YES;
				CLANG_WARN_OBJC_ROOT_CLASS = YES_ERROR;
				CLANG_WARN_QUOTED_INCLUDE_IN_FRAMEWORK_HEADER = YES;
				CLANG_WARN_RANGE_LOOP_ANALYSIS = YES;
				CLANG_WARN_STRICT_PROTOTYPES = YES;
				CLANG_WARN_SUSPICIOUS_MOVE = YES;
				CLANG_WARN_UNGUARDED_AVAILABILITY = YES_AGGRESSIVE;
				CLANG_WARN_UNREACHABLE_CODE = YES;
				CLANG_WARN__DUPLICATE_METHOD_MATCH = YES;
				COPY_PHASE_STRIP = NO;
				DEBUG_INFORMATION_FORMAT = dwarf;
				ENABLE_STRICT_OBJC_MSGSEND = YES;
				ENABLE_TESTABILITY = YES;
				GCC_C_LANGUAGE_STANDARD = gnu11;
				GCC_DYNAMIC_NO_PIC = NO;
				GCC_NO_COMMON_BLOCKS = YES;
				GCC_OPTIMIZATION_LEVEL = 0;
				GCC_PREPROCESSOR_DEFINITIONS = (
					"DEBUG=1",
					"$(inherited)",
				);
				GCC_WARN_64_TO_32_BIT_CONVERSION = YES;
				GCC_WARN_ABOUT_RETURN_TYPE = YES_ERROR;
				GCC_WARN_UNDECLARED_SELECTOR = YES;
				GCC_WARN_UNINITIALIZED_AUTOS = YES_AGGRESSIVE;
				GCC_WARN_UNUSED_FUNCTION = YES;
				GCC_WARN_UNUSED_VARIABLE = YES;
				IPHONEOS_DEPLOYMENT_TARGET = 16.4;
				MTL_ENABLE_DEBUG_INFO = INCLUDE_SOURCE;
				MTL_FAST_MATH = YES;
				ONLY_ACTIVE_ARCH = YES;
				SDKROOT = iphoneos;
				SWIFT_ACTIVE_COMPILATION_CONDITIONS = DEBUG;
				SWIFT_OPTIMIZATION_LEVEL = "-Onone";
			};
			name = Debug;
		};
		64ABCF972CAF747400F1E808 /* Release */ = {
			isa = XCBuildConfiguration;
			buildSettings = {
				ALWAYS_SEARCH_USER_PATHS = NO;
				CLANG_ANALYZER_NONNULL = YES;
				CLANG_ANALYZER_NUMBER_OBJECT_CONVERSION = YES_AGGRESSIVE;
				CLANG_CXX_LANGUAGE_STANDARD = "gnu++20";
				CLANG_ENABLE_MODULES = YES;
				CLANG_ENABLE_OBJC_ARC = YES;
				CLANG_ENABLE_OBJC_WEAK = YES;
				CLANG_WARN_BLOCK_CAPTURE_AUTORELEASING = YES;
				CLANG_WARN_BOOL_CONVERSION = YES;
				CLANG_WARN_COMMA = YES;
				CLANG_WARN_CONSTANT_CONVERSION = YES;
				CLANG_WARN_DEPRECATED_OBJC_IMPLEMENTATIONS = YES;
				CLANG_WARN_DIRECT_OBJC_ISA_USAGE = YES_ERROR;
				CLANG_WARN_DOCUMENTATION_COMMENTS = YES;
				CLANG_WARN_EMPTY_BODY = YES;
				CLANG_WARN_ENUM_CONVERSION = YES;
				CLANG_WARN_INFINITE_RECURSION = YES;
				CLANG_WARN_INT_CONVERSION = YES;
				CLANG_WARN_NON_LITERAL_NULL_CONVERSION = YES;
				CLANG_WARN_OBJC_IMPLICIT_RETAIN_SELF = YES;
				CLANG_WARN_OBJC_LITERAL_CONVERSION = YES;
				CLANG_WARN_OBJC_ROOT_CLASS = YES_ERROR;
				CLANG_WARN_QUOTED_INCLUDE_IN_FRAMEWORK_HEADER = YES;
				CLANG_WARN_RANGE_LOOP_ANALYSIS = YES;
				CLANG_WARN_STRICT_PROTOTYPES = YES;
				CLANG_WARN_SUSPICIOUS_MOVE = YES;
				CLANG_WARN_UNGUARDED_AVAILABILITY = YES_AGGRESSIVE;
				CLANG_WARN_UNREACHABLE_CODE = YES;
				CLANG_WARN__DUPLICATE_METHOD_MATCH = YES;
				COPY_PHASE_STRIP = NO;
				DEBUG_INFORMATION_FORMAT = "dwarf-with-dsym";
				ENABLE_NS_ASSERTIONS = NO;
				ENABLE_STRICT_OBJC_MSGSEND = YES;
				GCC_C_LANGUAGE_STANDARD = gnu11;
				GCC_NO_COMMON_BLOCKS = YES;
				GCC_WARN_64_TO_32_BIT_CONVERSION = YES;
				GCC_WARN_ABOUT_RETURN_TYPE = YES_ERROR;
				GCC_WARN_UNDECLARED_SELECTOR = YES;
				GCC_WARN_UNINITIALIZED_AUTOS = YES_AGGRESSIVE;
				GCC_WARN_UNUSED_FUNCTION = YES;
				GCC_WARN_UNUSED_VARIABLE = YES;
				IPHONEOS_DEPLOYMENT_TARGET = 16.4;
				MTL_ENABLE_DEBUG_INFO = NO;
				MTL_FAST_MATH = YES;
				SDKROOT = iphoneos;
				SWIFT_COMPILATION_MODE = wholemodule;
				SWIFT_OPTIMIZATION_LEVEL = "-O";
				VALIDATE_PRODUCT = YES;
			};
			name = Release;
		};
		64ABCF992CAF747400F1E808 /* Debug */ = {
			isa = XCBuildConfiguration;
			buildSettings = {
				ASSETCATALOG_COMPILER_APPICON_NAME = AppIcon;
				ASSETCATALOG_COMPILER_GLOBAL_ACCENT_COLOR_NAME = AccentColor;
				CODE_SIGN_STYLE = Automatic;
				CURRENT_PROJECT_VERSION = 1;
				DEVELOPMENT_ASSET_PATHS = "\"AppleFoundationResources/Preview Content\"";
				DEVELOPMENT_TEAM = BGA7F6KYA2;
				ENABLE_PREVIEWS = YES;
				GENERATE_INFOPLIST_FILE = YES;
				INFOPLIST_KEY_CFBundleDisplayName = "AFP Resource";
				INFOPLIST_KEY_LSApplicationCategoryType = "public.app-category.education";
				INFOPLIST_KEY_UIApplicationSceneManifest_Generation = YES;
				INFOPLIST_KEY_UIApplicationSupportsIndirectInputEvents = YES;
				INFOPLIST_KEY_UILaunchScreen_Generation = YES;
				INFOPLIST_KEY_UISupportedInterfaceOrientations = UIInterfaceOrientationPortrait;
				INFOPLIST_KEY_UISupportedInterfaceOrientations_iPad = "UIInterfaceOrientationLandscapeLeft UIInterfaceOrientationLandscapeRight UIInterfaceOrientationPortrait UIInterfaceOrientationPortraitUpsideDown";
				LD_RUNPATH_SEARCH_PATHS = (
					"$(inherited)",
					"@executable_path/Frameworks",
				);
				MARKETING_VERSION = 1.0;
				PRODUCT_BUNDLE_IDENTIFIER = shuvamshrestha.AppleFoundationResources;
				PRODUCT_NAME = "$(TARGET_NAME)";
				SUPPORTED_PLATFORMS = "iphoneos iphonesimulator";
				SUPPORTS_MACCATALYST = NO;
				SUPPORTS_MAC_DESIGNED_FOR_IPHONE_IPAD = NO;
				SWIFT_EMIT_LOC_STRINGS = YES;
				SWIFT_VERSION = 5.0;
				TARGETED_DEVICE_FAMILY = 1;
			};
			name = Debug;
		};
		64ABCF9A2CAF747400F1E808 /* Release */ = {
			isa = XCBuildConfiguration;
			buildSettings = {
				ASSETCATALOG_COMPILER_APPICON_NAME = AppIcon;
				ASSETCATALOG_COMPILER_GLOBAL_ACCENT_COLOR_NAME = AccentColor;
				CODE_SIGN_STYLE = Automatic;
				CURRENT_PROJECT_VERSION = 1;
				DEVELOPMENT_ASSET_PATHS = "\"AppleFoundationResources/Preview Content\"";
				DEVELOPMENT_TEAM = BGA7F6KYA2;
				ENABLE_PREVIEWS = YES;
				GENERATE_INFOPLIST_FILE = YES;
				INFOPLIST_KEY_CFBundleDisplayName = "AFP Resource";
				INFOPLIST_KEY_LSApplicationCategoryType = "public.app-category.education";
				INFOPLIST_KEY_UIApplicationSceneManifest_Generation = YES;
				INFOPLIST_KEY_UIApplicationSupportsIndirectInputEvents = YES;
				INFOPLIST_KEY_UILaunchScreen_Generation = YES;
				INFOPLIST_KEY_UISupportedInterfaceOrientations = UIInterfaceOrientationPortrait;
				INFOPLIST_KEY_UISupportedInterfaceOrientations_iPad = "UIInterfaceOrientationLandscapeLeft UIInterfaceOrientationLandscapeRight UIInterfaceOrientationPortrait UIInterfaceOrientationPortraitUpsideDown";
				LD_RUNPATH_SEARCH_PATHS = (
					"$(inherited)",
					"@executable_path/Frameworks",
				);
				MARKETING_VERSION = 1.0;
				PRODUCT_BUNDLE_IDENTIFIER = shuvamshrestha.AppleFoundationResources;
				PRODUCT_NAME = "$(TARGET_NAME)";
				SUPPORTED_PLATFORMS = "iphoneos iphonesimulator";
				SUPPORTS_MACCATALYST = NO;
				SUPPORTS_MAC_DESIGNED_FOR_IPHONE_IPAD = NO;
				SWIFT_EMIT_LOC_STRINGS = YES;
				SWIFT_VERSION = 5.0;
				TARGETED_DEVICE_FAMILY = 1;
			};
			name = Release;
		};
/* End XCBuildConfiguration section */

/* Begin XCConfigurationList section */
		64ABCF852CAF747200F1E808 /* Build configuration list for PBXProject "AppleFoundationResources" */ = {
			isa = XCConfigurationList;
			buildConfigurations = (
				64ABCF962CAF747400F1E808 /* Debug */,
				64ABCF972CAF747400F1E808 /* Release */,
			);
			defaultConfigurationIsVisible = 0;
			defaultConfigurationName = Release;
		};
		64ABCF982CAF747400F1E808 /* Build configuration list for PBXNativeTarget "AppleFoundationResources" */ = {
			isa = XCConfigurationList;
			buildConfigurations = (
				64ABCF992CAF747400F1E808 /* Debug */,
				64ABCF9A2CAF747400F1E808 /* Release */,
			);
			defaultConfigurationIsVisible = 0;
			defaultConfigurationName = Release;
		};
/* End XCConfigurationList section */
	};
	rootObject = 64ABCF822CAF747200F1E808 /* Project object */;
}
